Microsoft Visual Studio Solution File, Format Version 11.00
# Visual Studio 2008

Project("{1EB558B5-D865-EBAB-B065-75F5F0042599}") = "Sink", "Assembly-CSharp-firstpass.csproj", "{012BE73A-1436-3111-2EE0-BF6B6D5859CB}"
EndProject
Project("{1EB558B5-D865-EBAB-B065-75F5F0042599}") = "Sink", "Assembly-CSharp.csproj", "{BB5EA608-D630-6604-2AD4-4A048048089E}"
EndProject
Project("{1EB558B5-D865-EBAB-B065-75F5F0042599}") = "Sink", "Assembly-CSharp-Editor.csproj", "{0B21E8A7-E352-8249-381B-34DFC1B719E5}"
EndProject
Global
	GlobalSection(SolutionConfigurationPlatforms) = preSolution
		Debug|Any CPU = Debug|Any CPU
		Release|Any CPU = Release|Any CPU
	EndGlobalSection
	GlobalSection(ProjectConfigurationPlatforms) = postSolution
		{012BE73A-1436-3111-2EE0-BF6B6D5859CB}.Debug|Any CPU.ActiveCfg = Debug|Any CPU
		{012BE73A-1436-3111-2EE0-BF6B6D5859CB}.Debug|Any CPU.Build.0 = Debug|Any CPU
		{012BE73A-1436-3111-2EE0-BF6B6D5859CB}.Release|Any CPU.ActiveCfg = Release|Any CPU
		{012BE73A-1436-3111-2EE0-BF6B6D5859CB}.Release|Any CPU.Build.0 = Release|Any CPU
		{BB5EA608-D630-6604-2AD4-4A048048089E}.Debug|Any CPU.ActiveCfg = Debug|Any CPU
		{BB5EA608-D630-6604-2AD4-4A048048089E}.Debug|Any CPU.Build.0 = Debug|Any CPU
		{BB5EA608-D630-6604-2AD4-4A048048089E}.Release|Any CPU.ActiveCfg = Release|Any CPU
		{BB5EA608-D630-6604-2AD4-4A048048089E}.Release|Any CPU.Build.0 = Release|Any CPU
		{0B21E8A7-E352-8249-381B-34DFC1B719E5}.Debug|Any CPU.ActiveCfg = Debug|Any CPU
		{0B21E8A7-E352-8249-381B-34DFC1B719E5}.Debug|Any CPU.Build.0 = Debug|Any CPU
		{0B21E8A7-E352-8249-381B-34DFC1B719E5}.Release|Any CPU.ActiveCfg = Release|Any CPU
		{0B21E8A7-E352-8249-381B-34DFC1B719E5}.Release|Any CPU.Build.0 = Release|Any CPU
	EndGlobalSection
	GlobalSection(SolutionProperties) = preSolution
		HideSolutionNode = FALSE
	EndGlobalSection
	GlobalSection(MonoDevelopProperties) = preSolution
		StartupItem = Assembly-CSharp.csproj
	EndGlobalSection
EndGlobal
