
Microsoft Visual Studio Solution File, Format Version 12.00
# Visual Studio 2015
Project("{FAE04EC0-301F-11D3-BF4B-00C04F79EFBC}") = "sink.CSharp.Plugins", "sink.CSharp.Plugins.csproj", "{24380C9B-D51C-01AB-F23E-68139D318008}"
EndProject
Project("{FAE04EC0-301F-11D3-BF4B-00C04F79EFBC}") = "sink.CSharp", "sink.CSharp.csproj", "{DADD510F-9883-857F-4C8F-3974CA49E469}"
EndProject
Project("{FAE04EC0-301F-11D3-BF4B-00C04F79EFBC}") = "sink.CSharp.Editor", "sink.CSharp.Editor.csproj", "{C8305242-1BDC-6B2B-5CC9-0CB5DFC9CEFC}"
EndProject
Global
	GlobalSection(SolutionConfigurationPlatforms) = preSolution
		Debug|Any CPU = Debug|Any CPU
		Release|Any CPU = Release|Any CPU
	EndGlobalSection
	GlobalSection(ProjectConfigurationPlatforms) = postSolution
		{24380C9B-D51C-01AB-F23E-68139D318008}.Debug|Any CPU.ActiveCfg = Debug|Any CPU
		{24380C9B-D51C-01AB-F23E-68139D318008}.Debug|Any CPU.Build.0 = Debug|Any CPU
		{24380C9B-D51C-01AB-F23E-68139D318008}.Release|Any CPU.ActiveCfg = Release|Any CPU
		{24380C9B-D51C-01AB-F23E-68139D318008}.Release|Any CPU.Build.0 = Release|Any CPU
		{DADD510F-9883-857F-4C8F-3974CA49E469}.Debug|Any CPU.ActiveCfg = Debug|Any CPU
		{DADD510F-9883-857F-4C8F-3974CA49E469}.Debug|Any CPU.Build.0 = Debug|Any CPU
		{DADD510F-9883-857F-4C8F-3974CA49E469}.Release|Any CPU.ActiveCfg = Release|Any CPU
		{DADD510F-9883-857F-4C8F-3974CA49E469}.Release|Any CPU.Build.0 = Release|Any CPU
		{C8305242-1BDC-6B2B-5CC9-0CB5DFC9CEFC}.Debug|Any CPU.ActiveCfg = Debug|Any CPU
		{C8305242-1BDC-6B2B-5CC9-0CB5DFC9CEFC}.Debug|Any CPU.Build.0 = Debug|Any CPU
		{C8305242-1BDC-6B2B-5CC9-0CB5DFC9CEFC}.Release|Any CPU.ActiveCfg = Release|Any CPU
		{C8305242-1BDC-6B2B-5CC9-0CB5DFC9CEFC}.Release|Any CPU.Build.0 = Release|Any CPU
	EndGlobalSection
	GlobalSection(SolutionProperties) = preSolution
		HideSolutionNode = FALSE
	EndGlobalSection
EndGlobal
